// !$*UTF8*$!
{
	archiveVersion = 1;
	classes = {
	};
	objectVersion = 60;
	objects = {

/* Begin PBXBuildFile section */
		40CDDAFF29E26B4800070A77 /* ChatBubble.swift in Sources */ = {isa = PBXBuildFile; fileRef = 40CDDAFD29E26B4300070A77 /* ChatBubble.swift */; };
		40CDDB0429E26C0000070A77 /* ContentView.swift in Sources */ = {isa = PBXBuildFile; fileRef = 40CDDAE629E259B800070A77 /* ContentView.swift */; };
		59154F1029FF1B5200F785B2 /* MessageView.swift in Sources */ = {isa = PBXBuildFile; fileRef = 59154F0F29FF1B5200F785B2 /* MessageView.swift */; };
		59361E6929E242FD007D3BC9 /* KeychainSwift in Frameworks */ = {isa = PBXBuildFile; productRef = 59361E6829E242FD007D3BC9 /* KeychainSwift */; };
		593D86A12B313DE000C957D3 /* Constants.swift in Sources */ = {isa = PBXBuildFile; fileRef = 593D86A02B313DE000C957D3 /* Constants.swift */; };
		59465C242A454CF600C6EF4A /* KeyboardShortcuts in Frameworks */ = {isa = PBXBuildFile; productRef = 59465C232A454CF600C6EF4A /* KeyboardShortcuts */; };
		59465C262A454D2A00C6EF4A /* KeyboardShortcuts.swift in Sources */ = {isa = PBXBuildFile; fileRef = 59465C252A454D2A00C6EF4A /* KeyboardShortcuts.swift */; };
		59465C282A454DF000C6EF4A /* SettingsView.swift in Sources */ = {isa = PBXBuildFile; fileRef = 59465C272A454DF000C6EF4A /* SettingsView.swift */; };
		59465C2A2A454E9700C6EF4A /* FontSizeSliderView.swift in Sources */ = {isa = PBXBuildFile; fileRef = 59465C292A454E9700C6EF4A /* FontSizeSliderView.swift */; };
		594F51332A4572CD003018AD /* LaunchAtLogin in Frameworks */ = {isa = PBXBuildFile; productRef = 594F51322A4572CD003018AD /* LaunchAtLogin */; };
		597A2BBC2A592B070011B7B6 /* Defaults in Frameworks */ = {isa = PBXBuildFile; productRef = 597A2BBB2A592B070011B7B6 /* Defaults */; };
		597A2BBE2A592B250011B7B6 /* Defaults.swift in Sources */ = {isa = PBXBuildFile; fileRef = 597A2BBD2A592B250011B7B6 /* Defaults.swift */; };
		597A2BC02A592B4F0011B7B6 /* AppWindowSize.swift in Sources */ = {isa = PBXBuildFile; fileRef = 597A2BBF2A592B4F0011B7B6 /* AppWindowSize.swift */; };
		59B619412A47DE2400F614C0 /* GeneralSettingsView.swift in Sources */ = {isa = PBXBuildFile; fileRef = 59B619402A47DE2400F614C0 /* GeneralSettingsView.swift */; };
		59B619462A47E2BE00F614C0 /* ChatGPTSettingsView.swift in Sources */ = {isa = PBXBuildFile; fileRef = 59B619452A47E2BE00F614C0 /* ChatGPTSettingsView.swift */; };
		59B619492A47EB7F00F614C0 /* HotkeySettingsView.swift in Sources */ = {isa = PBXBuildFile; fileRef = 59B619482A47EB7F00F614C0 /* HotkeySettingsView.swift */; };
		59BD43E82B2E977200AD6CB1 /* Extensions.swift in Sources */ = {isa = PBXBuildFile; fileRef = 59BD43E72B2E977200AD6CB1 /* Extensions.swift */; };
		59BD43F02B2E9D9400AD6CB1 /* SettingsAccess in Frameworks */ = {isa = PBXBuildFile; productRef = 59BD43EF2B2E9D9400AD6CB1 /* SettingsAccess */; };
		59CFC7122B315936006F5C46 /* Searcher.swift in Sources */ = {isa = PBXBuildFile; fileRef = 59CFC7112B315936006F5C46 /* Searcher.swift */; };
		59CFC7172B327DF1006F5C46 /* OpenAIKit in Frameworks */ = {isa = PBXBuildFile; productRef = 59CFC7162B327DF1006F5C46 /* OpenAIKit */; };
		59CFC71A2B328197006F5C46 /* SwiftfulLoadingIndicators in Frameworks */ = {isa = PBXBuildFile; productRef = 59CFC7192B328197006F5C46 /* SwiftfulLoadingIndicators */; };
		59D8C8212A4CFC9A00AB5122 /* ChatGPTModels.swift in Sources */ = {isa = PBXBuildFile; fileRef = 59D8C8202A4CFC9A00AB5122 /* ChatGPTModels.swift */; };
		59D8C82D2A4D128A00AB5122 /* Splash in Frameworks */ = {isa = PBXBuildFile; productRef = 59D8C82C2A4D128A00AB5122 /* Splash */; };
		59D8C82F2A4D128A00AB5122 /* SplashMarkdown in Frameworks */ = {isa = PBXBuildFile; productRef = 59D8C82E2A4D128A00AB5122 /* SplashMarkdown */; };
		59D8C8312A4D128A00AB5122 /* SplashTokenizer in Frameworks */ = {isa = PBXBuildFile; productRef = 59D8C8302A4D128A00AB5122 /* SplashTokenizer */; };
		59D9B5532B2F7ECB007EA072 /* SettingsButton.swift in Sources */ = {isa = PBXBuildFile; fileRef = 59D9B5522B2F7ECB007EA072 /* SettingsButton.swift */; };
		59D9B5552B2F7FB7007EA072 /* TopBarButtonLabel.swift in Sources */ = {isa = PBXBuildFile; fileRef = 59D9B5542B2F7FB7007EA072 /* TopBarButtonLabel.swift */; };
		59D9B5582B2F9A4F007EA072 /* SwiftSoup in Frameworks */ = {isa = PBXBuildFile; productRef = 59D9B5572B2F9A4F007EA072 /* SwiftSoup */; };
		59D9B55A2B2F9A8B007EA072 /* Scraper.swift in Sources */ = {isa = PBXBuildFile; fileRef = 59D9B5592B2F9A8B007EA072 /* Scraper.swift */; };
		59EEA41029EC7C2D00B75937 /* MarkdownUI in Frameworks */ = {isa = PBXBuildFile; productRef = 59EEA40F29EC7C2D00B75937 /* MarkdownUI */; };
		59FEFE162A45062B00313EE0 /* OpenAIConnector.swift in Sources */ = {isa = PBXBuildFile; fileRef = 59FEFE152A45062B00313EE0 /* OpenAIConnector.swift */; };
		6B37D8DC2B30C38200BFF556 /* Settings in Frameworks */ = {isa = PBXBuildFile; productRef = 6B37D8DB2B30C38200BFF556 /* Settings */; };
		6B61C4B229CA484100694F73 /* App.swift in Sources */ = {isa = PBXBuildFile; fileRef = 6B61C4B129CA484100694F73 /* App.swift */; };
		6B61C4B629CA484300694F73 /* Assets.xcassets in Resources */ = {isa = PBXBuildFile; fileRef = 6B61C4B529CA484300694F73 /* Assets.xcassets */; };
		6B61C4B929CA484300694F73 /* Preview Assets.xcassets in Resources */ = {isa = PBXBuildFile; fileRef = 6B61C4B829CA484300694F73 /* Preview Assets.xcassets */; };
		6B6A5D4E2B32704700AA5F94 /* Filler.swift in Sources */ = {isa = PBXBuildFile; fileRef = 6B6A5D4D2B32704700AA5F94 /* Filler.swift */; };
		6B6A5D502B3270C700AA5F94 /* TopBarButtonsStyle.swift in Sources */ = {isa = PBXBuildFile; fileRef = 6B6A5D4F2B3270C700AA5F94 /* TopBarButtonsStyle.swift */; };
		6B6A5D532B3273B700AA5F94 /* SharedCode in Frameworks */ = {isa = PBXBuildFile; productRef = 6B6A5D522B3273B700AA5F94 /* SharedCode */; };
/* End PBXBuildFile section */

/* Begin PBXFileReference section */
		40CDDAE629E259B800070A77 /* ContentView.swift */ = {isa = PBXFileReference; lastKnownFileType = sourcecode.swift; path = ContentView.swift; sourceTree = "<group>"; };
		40CDDAFD29E26B4300070A77 /* ChatBubble.swift */ = {isa = PBXFileReference; lastKnownFileType = sourcecode.swift; path = ChatBubble.swift; sourceTree = "<group>"; };
		59154F0F29FF1B5200F785B2 /* MessageView.swift */ = {isa = PBXFileReference; lastKnownFileType = sourcecode.swift; path = MessageView.swift; sourceTree = "<group>"; };
		59361E8229E251B9007D3BC9 /* ServiceManagement.framework */ = {isa = PBXFileReference; lastKnownFileType = wrapper.framework; name = ServiceManagement.framework; path = System/Library/Frameworks/ServiceManagement.framework; sourceTree = SDKROOT; };
		593D86A02B313DE000C957D3 /* Constants.swift */ = {isa = PBXFileReference; lastKnownFileType = sourcecode.swift; path = Constants.swift; sourceTree = "<group>"; };
		59465C252A454D2A00C6EF4A /* KeyboardShortcuts.swift */ = {isa = PBXFileReference; lastKnownFileType = sourcecode.swift; path = KeyboardShortcuts.swift; sourceTree = "<group>"; };
		59465C272A454DF000C6EF4A /* SettingsView.swift */ = {isa = PBXFileReference; lastKnownFileType = sourcecode.swift; path = SettingsView.swift; sourceTree = "<group>"; };
		59465C292A454E9700C6EF4A /* FontSizeSliderView.swift */ = {isa = PBXFileReference; lastKnownFileType = sourcecode.swift; path = FontSizeSliderView.swift; sourceTree = "<group>"; };
		597A2BBD2A592B250011B7B6 /* Defaults.swift */ = {isa = PBXFileReference; lastKnownFileType = sourcecode.swift; path = Defaults.swift; sourceTree = "<group>"; };
		597A2BBF2A592B4F0011B7B6 /* AppWindowSize.swift */ = {isa = PBXFileReference; lastKnownFileType = sourcecode.swift; path = AppWindowSize.swift; sourceTree = "<group>"; };
		59B619402A47DE2400F614C0 /* GeneralSettingsView.swift */ = {isa = PBXFileReference; lastKnownFileType = sourcecode.swift; path = GeneralSettingsView.swift; sourceTree = "<group>"; };
		59B619452A47E2BE00F614C0 /* ChatGPTSettingsView.swift */ = {isa = PBXFileReference; lastKnownFileType = sourcecode.swift; path = ChatGPTSettingsView.swift; sourceTree = "<group>"; };
		59B619482A47EB7F00F614C0 /* HotkeySettingsView.swift */ = {isa = PBXFileReference; lastKnownFileType = sourcecode.swift; path = HotkeySettingsView.swift; sourceTree = "<group>"; };
		59BD43E72B2E977200AD6CB1 /* Extensions.swift */ = {isa = PBXFileReference; lastKnownFileType = sourcecode.swift; path = Extensions.swift; sourceTree = "<group>"; };
		59CFC7112B315936006F5C46 /* Searcher.swift */ = {isa = PBXFileReference; lastKnownFileType = sourcecode.swift; path = Searcher.swift; sourceTree = "<group>"; };
		59D8C8202A4CFC9A00AB5122 /* ChatGPTModels.swift */ = {isa = PBXFileReference; lastKnownFileType = sourcecode.swift; path = ChatGPTModels.swift; sourceTree = "<group>"; };
		59D9B5522B2F7ECB007EA072 /* SettingsButton.swift */ = {isa = PBXFileReference; lastKnownFileType = sourcecode.swift; path = SettingsButton.swift; sourceTree = "<group>"; };
		59D9B5542B2F7FB7007EA072 /* TopBarButtonLabel.swift */ = {isa = PBXFileReference; lastKnownFileType = sourcecode.swift; path = TopBarButtonLabel.swift; sourceTree = "<group>"; };
		59D9B5592B2F9A8B007EA072 /* Scraper.swift */ = {isa = PBXFileReference; lastKnownFileType = sourcecode.swift; path = Scraper.swift; sourceTree = "<group>"; };
		59FEFE152A45062B00313EE0 /* OpenAIConnector.swift */ = {isa = PBXFileReference; fileEncoding = 4; lastKnownFileType = sourcecode.swift; path = OpenAIConnector.swift; sourceTree = "<group>"; };
		6B61C4AE29CA484100694F73 /* Redwood.app */ = {isa = PBXFileReference; explicitFileType = wrapper.application; includeInIndex = 0; path = Redwood.app; sourceTree = BUILT_PRODUCTS_DIR; };
		6B61C4B129CA484100694F73 /* App.swift */ = {isa = PBXFileReference; lastKnownFileType = sourcecode.swift; path = App.swift; sourceTree = "<group>"; };
		6B61C4B529CA484300694F73 /* Assets.xcassets */ = {isa = PBXFileReference; lastKnownFileType = folder.assetcatalog; path = Assets.xcassets; sourceTree = "<group>"; };
		6B61C4B829CA484300694F73 /* Preview Assets.xcassets */ = {isa = PBXFileReference; lastKnownFileType = folder.assetcatalog; path = "Preview Assets.xcassets"; sourceTree = "<group>"; };
		6B61C4BA29CA484300694F73 /* Entitlements.entitlements */ = {isa = PBXFileReference; lastKnownFileType = text.plist.entitlements; path = Entitlements.entitlements; sourceTree = "<group>"; };
		6B6A5D4C2B32506600AA5F94 /* Info.plist */ = {isa = PBXFileReference; lastKnownFileType = text.plist.xml; path = Info.plist; sourceTree = "<group>"; };
		6B6A5D4D2B32704700AA5F94 /* Filler.swift */ = {isa = PBXFileReference; lastKnownFileType = sourcecode.swift; path = Filler.swift; sourceTree = "<group>"; };
		6B6A5D4F2B3270C700AA5F94 /* TopBarButtonsStyle.swift */ = {isa = PBXFileReference; lastKnownFileType = sourcecode.swift; path = TopBarButtonsStyle.swift; sourceTree = "<group>"; };
/* End PBXFileReference section */

/* Begin PBXFrameworksBuildPhase section */
		6B61C4AB29CA484100694F73 /* Frameworks */ = {
			isa = PBXFrameworksBuildPhase;
			buildActionMask = 2147483647;
			files = (
				597A2BBC2A592B070011B7B6 /* Defaults in Frameworks */,
				59D8C8312A4D128A00AB5122 /* SplashTokenizer in Frameworks */,
				59D8C82D2A4D128A00AB5122 /* Splash in Frameworks */,
				59CFC7172B327DF1006F5C46 /* OpenAIKit in Frameworks */,
				594F51332A4572CD003018AD /* LaunchAtLogin in Frameworks */,
				6B37D8DC2B30C38200BFF556 /* Settings in Frameworks */,
				59D9B5582B2F9A4F007EA072 /* SwiftSoup in Frameworks */,
				59CFC71A2B328197006F5C46 /* SwiftfulLoadingIndicators in Frameworks */,
				59361E6929E242FD007D3BC9 /* KeychainSwift in Frameworks */,
				59EEA41029EC7C2D00B75937 /* MarkdownUI in Frameworks */,
				59D8C82F2A4D128A00AB5122 /* SplashMarkdown in Frameworks */,
				59465C242A454CF600C6EF4A /* KeyboardShortcuts in Frameworks */,
				59BD43F02B2E9D9400AD6CB1 /* SettingsAccess in Frameworks */,
				6B6A5D532B3273B700AA5F94 /* SharedCode in Frameworks */,
			);
			runOnlyForDeploymentPostprocessing = 0;
		};
/* End PBXFrameworksBuildPhase section */

/* Begin PBXGroup section */
		40CDDB0329E26BE300070A77 /* UI */ = {
			isa = PBXGroup;
			children = (
				59CFC7142B327AF9006F5C46 /* Views */,
				59B619472A47E2C100F614C0 /* Settings */,
				6B6A5D4F2B3270C700AA5F94 /* TopBarButtonsStyle.swift */,
				597A2BBF2A592B4F0011B7B6 /* AppWindowSize.swift */,
			);
			path = UI;
			sourceTree = "<group>";
		};
		59361E8129E251B9007D3BC9 /* Frameworks */ = {
			isa = PBXGroup;
			children = (
				59361E8229E251B9007D3BC9 /* ServiceManagement.framework */,
			);
			name = Frameworks;
			sourceTree = "<group>";
		};
		59B619472A47E2C100F614C0 /* Settings */ = {
			isa = PBXGroup;
			children = (
				59465C272A454DF000C6EF4A /* SettingsView.swift */,
				59B619402A47DE2400F614C0 /* GeneralSettingsView.swift */,
				59B619482A47EB7F00F614C0 /* HotkeySettingsView.swift */,
				59B619452A47E2BE00F614C0 /* ChatGPTSettingsView.swift */,
			);
			path = Settings;
			sourceTree = "<group>";
		};
		59CFC7132B327AE0006F5C46 /* Web Search */ = {
			isa = PBXGroup;
			children = (
				59CFC7112B315936006F5C46 /* Searcher.swift */,
				59D9B5592B2F9A8B007EA072 /* Scraper.swift */,
			);
			path = "Web Search";
			sourceTree = "<group>";
		};
		59CFC7142B327AF9006F5C46 /* Views */ = {
			isa = PBXGroup;
			children = (
				6B6A5D4D2B32704700AA5F94 /* Filler.swift */,
				40CDDAE629E259B800070A77 /* ContentView.swift */,
				40CDDAFD29E26B4300070A77 /* ChatBubble.swift */,
				59154F0F29FF1B5200F785B2 /* MessageView.swift */,
				59465C292A454E9700C6EF4A /* FontSizeSliderView.swift */,
				59D9B5522B2F7ECB007EA072 /* SettingsButton.swift */,
				59D9B5542B2F7FB7007EA072 /* TopBarButtonLabel.swift */,
			);
			path = Views;
			sourceTree = "<group>";
		};
		59D9B5512B2F7CAD007EA072 /* OpenAI */ = {
			isa = PBXGroup;
			children = (
				59D8C8202A4CFC9A00AB5122 /* ChatGPTModels.swift */,
				59FEFE152A45062B00313EE0 /* OpenAIConnector.swift */,
			);
			path = OpenAI;
			sourceTree = "<group>";
		};
		6B61C4A529CA484100694F73 = {
			isa = PBXGroup;
			children = (
				59BD43E72B2E977200AD6CB1 /* Extensions.swift */,
				59465C252A454D2A00C6EF4A /* KeyboardShortcuts.swift */,
				597A2BBD2A592B250011B7B6 /* Defaults.swift */,
				593D86A02B313DE000C957D3 /* Constants.swift */,
				40CDDB0329E26BE300070A77 /* UI */,
				59D9B5512B2F7CAD007EA072 /* OpenAI */,
				59CFC7132B327AE0006F5C46 /* Web Search */,
				6B61C4B029CA484100694F73 /* Config */,
				6B61C4AF29CA484100694F73 /* Products */,
				59361E8129E251B9007D3BC9 /* Frameworks */,
			);
			sourceTree = "<group>";
		};
		6B61C4AF29CA484100694F73 /* Products */ = {
			isa = PBXGroup;
			children = (
				6B61C4AE29CA484100694F73 /* Redwood.app */,
			);
			name = Products;
			sourceTree = "<group>";
		};
		6B61C4B029CA484100694F73 /* Config */ = {
			isa = PBXGroup;
			children = (
				6B6A5D4C2B32506600AA5F94 /* Info.plist */,
				6B61C4B129CA484100694F73 /* App.swift */,
				6B61C4B529CA484300694F73 /* Assets.xcassets */,
				6B61C4BA29CA484300694F73 /* Entitlements.entitlements */,
				6B61C4B729CA484300694F73 /* Preview Content */,
			);
			path = Config;
			sourceTree = "<group>";
		};
		6B61C4B729CA484300694F73 /* Preview Content */ = {
			isa = PBXGroup;
			children = (
				6B61C4B829CA484300694F73 /* Preview Assets.xcassets */,
			);
			path = "Preview Content";
			sourceTree = "<group>";
		};
/* End PBXGroup section */

/* Begin PBXNativeTarget section */
		6B61C4AD29CA484100694F73 /* Redwood */ = {
			isa = PBXNativeTarget;
			buildConfigurationList = 6B61C4BD29CA484300694F73 /* Build configuration list for PBXNativeTarget "Redwood" */;
			buildPhases = (
				6B61C4AA29CA484100694F73 /* Sources */,
				6B61C4AB29CA484100694F73 /* Frameworks */,
				6B61C4AC29CA484100694F73 /* Resources */,
			);
			buildRules = (
			);
			dependencies = (
			);
			name = Redwood;
			packageProductDependencies = (
				59361E6829E242FD007D3BC9 /* KeychainSwift */,
				59EEA40F29EC7C2D00B75937 /* MarkdownUI */,
				59465C232A454CF600C6EF4A /* KeyboardShortcuts */,
				594F51322A4572CD003018AD /* LaunchAtLogin */,
				59D8C82C2A4D128A00AB5122 /* Splash */,
				59D8C82E2A4D128A00AB5122 /* SplashMarkdown */,
				59D8C8302A4D128A00AB5122 /* SplashTokenizer */,
				597A2BBB2A592B070011B7B6 /* Defaults */,
				59BD43EF2B2E9D9400AD6CB1 /* SettingsAccess */,
				59D9B5572B2F9A4F007EA072 /* SwiftSoup */,
				6B37D8DB2B30C38200BFF556 /* Settings */,
				6B6A5D522B3273B700AA5F94 /* SharedCode */,
				59CFC7162B327DF1006F5C46 /* OpenAIKit */,
				59CFC7192B328197006F5C46 /* SwiftfulLoadingIndicators */,
			);
			productName = Butler;
			productReference = 6B61C4AE29CA484100694F73 /* Redwood.app */;
			productType = "com.apple.product-type.application";
		};
/* End PBXNativeTarget section */

/* Begin PBXProject section */
		6B61C4A629CA484100694F73 /* Project object */ = {
			isa = PBXProject;
			attributes = {
				BuildIndependentTargetsInParallel = 1;
				LastSwiftUpdateCheck = 1430;
				LastUpgradeCheck = 1510;
				TargetAttributes = {
					6B61C4AD29CA484100694F73 = {
						CreatedOnToolsVersion = 13.4.1;
					};
				};
			};
			buildConfigurationList = 6B61C4A929CA484100694F73 /* Build configuration list for PBXProject "Redwood" */;
			compatibilityVersion = "Xcode 13.0";
			developmentRegion = en;
			hasScannedForEncodings = 0;
			knownRegions = (
				en,
				Base,
			);
			mainGroup = 6B61C4A529CA484100694F73;
			packageReferences = (
				59361E6729E242FD007D3BC9 /* XCRemoteSwiftPackageReference "keychain-swift" */,
				59EEA40E29EC7C2D00B75937 /* XCRemoteSwiftPackageReference "swift-markdown-ui" */,
				59465C222A454CF600C6EF4A /* XCRemoteSwiftPackageReference "KeyboardShortcuts" */,
				594F51312A4572CD003018AD /* XCRemoteSwiftPackageReference "LaunchAtLogin-Modern" */,
				59D8C82B2A4D128A00AB5122 /* XCRemoteSwiftPackageReference "Splash" */,
				597A2BBA2A592B070011B7B6 /* XCRemoteSwiftPackageReference "Defaults" */,
				59BD43EE2B2E9D9400AD6CB1 /* XCRemoteSwiftPackageReference "SettingsAccess" */,
				59D9B5562B2F9A4F007EA072 /* XCRemoteSwiftPackageReference "SwiftSoup" */,
				6B37D8DA2B30C38200BFF556 /* XCRemoteSwiftPackageReference "Settings" */,
				6B6A5D512B3273B700AA5F94 /* XCRemoteSwiftPackageReference "SharedCode" */,
				59CFC7152B327DF1006F5C46 /* XCLocalSwiftPackageReference "../../openai-kit" */,
				59CFC7182B328197006F5C46 /* XCRemoteSwiftPackageReference "SwiftfulLoadingIndicators" */,
			);
			productRefGroup = 6B61C4AF29CA484100694F73 /* Products */;
			projectDirPath = "";
			projectRoot = "";
			targets = (
				6B61C4AD29CA484100694F73 /* Redwood */,
			);
		};
/* End PBXProject section */

/* Begin PBXResourcesBuildPhase section */
		6B61C4AC29CA484100694F73 /* Resources */ = {
			isa = PBXResourcesBuildPhase;
			buildActionMask = 2147483647;
			files = (
				6B61C4B929CA484300694F73 /* Preview Assets.xcassets in Resources */,
				6B61C4B629CA484300694F73 /* Assets.xcassets in Resources */,
			);
			runOnlyForDeploymentPostprocessing = 0;
		};
/* End PBXResourcesBuildPhase section */

/* Begin PBXSourcesBuildPhase section */
		6B61C4AA29CA484100694F73 /* Sources */ = {
			isa = PBXSourcesBuildPhase;
			buildActionMask = 2147483647;
			files = (
				59B619412A47DE2400F614C0 /* GeneralSettingsView.swift in Sources */,
				593D86A12B313DE000C957D3 /* Constants.swift in Sources */,
				40CDDAFF29E26B4800070A77 /* ChatBubble.swift in Sources */,
				597A2BC02A592B4F0011B7B6 /* AppWindowSize.swift in Sources */,
				59FEFE162A45062B00313EE0 /* OpenAIConnector.swift in Sources */,
				59D9B55A2B2F9A8B007EA072 /* Scraper.swift in Sources */,
				59D8C8212A4CFC9A00AB5122 /* ChatGPTModels.swift in Sources */,
				40CDDB0429E26C0000070A77 /* ContentView.swift in Sources */,
				59154F1029FF1B5200F785B2 /* MessageView.swift in Sources */,
				6B61C4B229CA484100694F73 /* App.swift in Sources */,
				6B6A5D4E2B32704700AA5F94 /* Filler.swift in Sources */,
				59CFC7122B315936006F5C46 /* Searcher.swift in Sources */,
				59D9B5532B2F7ECB007EA072 /* SettingsButton.swift in Sources */,
				6B6A5D502B3270C700AA5F94 /* TopBarButtonsStyle.swift in Sources */,
				59465C2A2A454E9700C6EF4A /* FontSizeSliderView.swift in Sources */,
				59D9B5552B2F7FB7007EA072 /* TopBarButtonLabel.swift in Sources */,
				59465C282A454DF000C6EF4A /* SettingsView.swift in Sources */,
				59B619492A47EB7F00F614C0 /* HotkeySettingsView.swift in Sources */,
				59465C262A454D2A00C6EF4A /* KeyboardShortcuts.swift in Sources */,
				597A2BBE2A592B250011B7B6 /* Defaults.swift in Sources */,
				59BD43E82B2E977200AD6CB1 /* Extensions.swift in Sources */,
				59B619462A47E2BE00F614C0 /* ChatGPTSettingsView.swift in Sources */,
			);
			runOnlyForDeploymentPostprocessing = 0;
		};
/* End PBXSourcesBuildPhase section */

/* Begin XCBuildConfiguration section */
		6B61C4BB29CA484300694F73 /* Debug */ = {
			isa = XCBuildConfiguration;
			buildSettings = {
				ALWAYS_SEARCH_USER_PATHS = NO;
				ASSETCATALOG_COMPILER_GENERATE_SWIFT_ASSET_SYMBOL_EXTENSIONS = YES;
				CLANG_ANALYZER_NONNULL = YES;
				CLANG_ANALYZER_NUMBER_OBJECT_CONVERSION = YES_AGGRESSIVE;
				CLANG_CXX_LANGUAGE_STANDARD = "gnu++17";
				CLANG_ENABLE_MODULES = YES;
				CLANG_ENABLE_OBJC_ARC = YES;
				CLANG_ENABLE_OBJC_WEAK = YES;
				CLANG_WARN_BLOCK_CAPTURE_AUTORELEASING = YES;
				CLANG_WARN_BOOL_CONVERSION = YES;
				CLANG_WARN_COMMA = YES;
				CLANG_WARN_CONSTANT_CONVERSION = YES;
				CLANG_WARN_DEPRECATED_OBJC_IMPLEMENTATIONS = YES;
				CLANG_WARN_DIRECT_OBJC_ISA_USAGE = YES_ERROR;
				CLANG_WARN_DOCUMENTATION_COMMENTS = YES;
				CLANG_WARN_EMPTY_BODY = YES;
				CLANG_WARN_ENUM_CONVERSION = YES;
				CLANG_WARN_INFINITE_RECURSION = YES;
				CLANG_WARN_INT_CONVERSION = YES;
				CLANG_WARN_NON_LITERAL_NULL_CONVERSION = YES;
				CLANG_WARN_OBJC_IMPLICIT_RETAIN_SELF = YES;
				CLANG_WARN_OBJC_LITERAL_CONVERSION = YES;
				CLANG_WARN_OBJC_ROOT_CLASS = YES_ERROR;
				CLANG_WARN_QUOTED_INCLUDE_IN_FRAMEWORK_HEADER = YES;
				CLANG_WARN_RANGE_LOOP_ANALYSIS = YES;
				CLANG_WARN_STRICT_PROTOTYPES = YES;
				CLANG_WARN_SUSPICIOUS_MOVE = YES;
				CLANG_WARN_UNGUARDED_AVAILABILITY = YES_AGGRESSIVE;
				CLANG_WARN_UNREACHABLE_CODE = YES;
				CLANG_WARN__DUPLICATE_METHOD_MATCH = YES;
				COPY_PHASE_STRIP = NO;
				DEAD_CODE_STRIPPING = YES;
				DEBUG_INFORMATION_FORMAT = dwarf;
				ENABLE_STRICT_OBJC_MSGSEND = YES;
				ENABLE_TESTABILITY = YES;
				ENABLE_USER_SCRIPT_SANDBOXING = YES;
				GCC_C_LANGUAGE_STANDARD = gnu11;
				GCC_DYNAMIC_NO_PIC = NO;
				GCC_NO_COMMON_BLOCKS = YES;
				GCC_OPTIMIZATION_LEVEL = 0;
				GCC_PREPROCESSOR_DEFINITIONS = (
					"DEBUG=1",
					"$(inherited)",
				);
				GCC_WARN_64_TO_32_BIT_CONVERSION = YES;
				GCC_WARN_ABOUT_RETURN_TYPE = YES_ERROR;
				GCC_WARN_UNDECLARED_SELECTOR = YES;
				GCC_WARN_UNINITIALIZED_AUTOS = YES_AGGRESSIVE;
				GCC_WARN_UNUSED_FUNCTION = YES;
				GCC_WARN_UNUSED_VARIABLE = YES;
				MACOSX_DEPLOYMENT_TARGET = 13.0;
				MTL_ENABLE_DEBUG_INFO = INCLUDE_SOURCE;
				MTL_FAST_MATH = YES;
				ONLY_ACTIVE_ARCH = YES;
				SDKROOT = macosx;
				SWIFT_ACTIVE_COMPILATION_CONDITIONS = DEBUG;
				SWIFT_OPTIMIZATION_LEVEL = "-Onone";
			};
			name = Debug;
		};
		6B61C4BC29CA484300694F73 /* Release */ = {
			isa = XCBuildConfiguration;
			buildSettings = {
				ALWAYS_SEARCH_USER_PATHS = NO;
				ASSETCATALOG_COMPILER_GENERATE_SWIFT_ASSET_SYMBOL_EXTENSIONS = YES;
				CLANG_ANALYZER_NONNULL = YES;
				CLANG_ANALYZER_NUMBER_OBJECT_CONVERSION = YES_AGGRESSIVE;
				CLANG_CXX_LANGUAGE_STANDARD = "gnu++17";
				CLANG_ENABLE_MODULES = YES;
				CLANG_ENABLE_OBJC_ARC = YES;
				CLANG_ENABLE_OBJC_WEAK = YES;
				CLANG_WARN_BLOCK_CAPTURE_AUTORELEASING = YES;
				CLANG_WARN_BOOL_CONVERSION = YES;
				CLANG_WARN_COMMA = YES;
				CLANG_WARN_CONSTANT_CONVERSION = YES;
				CLANG_WARN_DEPRECATED_OBJC_IMPLEMENTATIONS = YES;
				CLANG_WARN_DIRECT_OBJC_ISA_USAGE = YES_ERROR;
				CLANG_WARN_DOCUMENTATION_COMMENTS = YES;
				CLANG_WARN_EMPTY_BODY = YES;
				CLANG_WARN_ENUM_CONVERSION = YES;
				CLANG_WARN_INFINITE_RECURSION = YES;
				CLANG_WARN_INT_CONVERSION = YES;
				CLANG_WARN_NON_LITERAL_NULL_CONVERSION = YES;
				CLANG_WARN_OBJC_IMPLICIT_RETAIN_SELF = YES;
				CLANG_WARN_OBJC_LITERAL_CONVERSION = YES;
				CLANG_WARN_OBJC_ROOT_CLASS = YES_ERROR;
				CLANG_WARN_QUOTED_INCLUDE_IN_FRAMEWORK_HEADER = YES;
				CLANG_WARN_RANGE_LOOP_ANALYSIS = YES;
				CLANG_WARN_STRICT_PROTOTYPES = YES;
				CLANG_WARN_SUSPICIOUS_MOVE = YES;
				CLANG_WARN_UNGUARDED_AVAILABILITY = YES_AGGRESSIVE;
				CLANG_WARN_UNREACHABLE_CODE = YES;
				CLANG_WARN__DUPLICATE_METHOD_MATCH = YES;
				COPY_PHASE_STRIP = NO;
				DEAD_CODE_STRIPPING = YES;
				DEBUG_INFORMATION_FORMAT = "dwarf-with-dsym";
				ENABLE_NS_ASSERTIONS = NO;
				ENABLE_STRICT_OBJC_MSGSEND = YES;
				ENABLE_USER_SCRIPT_SANDBOXING = YES;
				GCC_C_LANGUAGE_STANDARD = gnu11;
				GCC_NO_COMMON_BLOCKS = YES;
				GCC_WARN_64_TO_32_BIT_CONVERSION = YES;
				GCC_WARN_ABOUT_RETURN_TYPE = YES_ERROR;
				GCC_WARN_UNDECLARED_SELECTOR = YES;
				GCC_WARN_UNINITIALIZED_AUTOS = YES_AGGRESSIVE;
				GCC_WARN_UNUSED_FUNCTION = YES;
				GCC_WARN_UNUSED_VARIABLE = YES;
				MACOSX_DEPLOYMENT_TARGET = 13.0;
				MTL_ENABLE_DEBUG_INFO = NO;
				MTL_FAST_MATH = YES;
				SDKROOT = macosx;
				SWIFT_COMPILATION_MODE = wholemodule;
				SWIFT_OPTIMIZATION_LEVEL = "-O";
			};
			name = Release;
		};
		6B61C4BE29CA484300694F73 /* Debug */ = {
			isa = XCBuildConfiguration;
			buildSettings = {
				ASSETCATALOG_COMPILER_APPICON_NAME = AppIcon;
				ASSETCATALOG_COMPILER_GLOBAL_ACCENT_COLOR_NAME = AccentColor;
				ASSETCATALOG_COMPILER_INCLUDE_ALL_APPICON_ASSETS = YES;
				CODE_SIGN_ENTITLEMENTS = Config/Entitlements.entitlements;
				"CODE_SIGN_IDENTITY[sdk=macosx*]" = "Apple Development";
				CODE_SIGN_STYLE = Automatic;
				COMBINE_HIDPI_IMAGES = YES;
				CURRENT_PROJECT_VERSION = 1;
				DEAD_CODE_STRIPPING = YES;
				DEVELOPMENT_ASSET_PATHS = "\"Config/Preview Content\"";
				DEVELOPMENT_TEAM = E2RJE8M8Y3;
				ENABLE_HARDENED_RUNTIME = NO;
				ENABLE_PREVIEWS = YES;
				GENERATE_INFOPLIST_FILE = YES;
				INFOPLIST_FILE = Config/Info.plist;
				INFOPLIST_KEY_CFBundleDisplayName = Redwood;
				INFOPLIST_KEY_LSApplicationCategoryType = "public.app-category.utilities";
				INFOPLIST_KEY_LSUIElement = YES;
				INFOPLIST_KEY_NSHumanReadableCopyright = "";
				LD_RUNPATH_SEARCH_PATHS = (
					"$(inherited)",
					"@executable_path/../Frameworks",
				);
				MACOSX_DEPLOYMENT_TARGET = 13.0;
				MARKETING_VERSION = 1;
				PRODUCT_BUNDLE_IDENTIFIER = com.adityasaravana.redwood;
				PRODUCT_NAME = "$(TARGET_NAME)";
				SWIFT_EMIT_LOC_STRINGS = YES;
				SWIFT_VERSION = 5.0;
			};
			name = Debug;
		};
		6B61C4BF29CA484300694F73 /* Release */ = {
			isa = XCBuildConfiguration;
			buildSettings = {
				ASSETCATALOG_COMPILER_APPICON_NAME = AppIcon;
				ASSETCATALOG_COMPILER_GLOBAL_ACCENT_COLOR_NAME = AccentColor;
				ASSETCATALOG_COMPILER_INCLUDE_ALL_APPICON_ASSETS = YES;
				CODE_SIGN_ENTITLEMENTS = Config/Entitlements.entitlements;
				"CODE_SIGN_IDENTITY[sdk=macosx*]" = "Apple Development";
				CODE_SIGN_STYLE = Automatic;
				COMBINE_HIDPI_IMAGES = YES;
				CURRENT_PROJECT_VERSION = 1;
				DEAD_CODE_STRIPPING = YES;
				DEVELOPMENT_ASSET_PATHS = "\"Config/Preview Content\"";
				DEVELOPMENT_TEAM = E2RJE8M8Y3;
				ENABLE_HARDENED_RUNTIME = NO;
				ENABLE_PREVIEWS = YES;
				GENERATE_INFOPLIST_FILE = YES;
				INFOPLIST_FILE = Config/Info.plist;
				INFOPLIST_KEY_CFBundleDisplayName = Redwood;
				INFOPLIST_KEY_LSApplicationCategoryType = "public.app-category.utilities";
				INFOPLIST_KEY_LSUIElement = YES;
				INFOPLIST_KEY_NSHumanReadableCopyright = "";
				LD_RUNPATH_SEARCH_PATHS = (
					"$(inherited)",
					"@executable_path/../Frameworks",
				);
				MACOSX_DEPLOYMENT_TARGET = 13.0;
				MARKETING_VERSION = 1;
				PRODUCT_BUNDLE_IDENTIFIER = com.adityasaravana.redwood;
				PRODUCT_NAME = "$(TARGET_NAME)";
				SWIFT_EMIT_LOC_STRINGS = YES;
				SWIFT_VERSION = 5.0;
			};
			name = Release;
		};
/* End XCBuildConfiguration section */

/* Begin XCConfigurationList section */
		6B61C4A929CA484100694F73 /* Build configuration list for PBXProject "Redwood" */ = {
			isa = XCConfigurationList;
			buildConfigurations = (
				6B61C4BB29CA484300694F73 /* Debug */,
				6B61C4BC29CA484300694F73 /* Release */,
			);
			defaultConfigurationIsVisible = 0;
			defaultConfigurationName = Release;
		};
		6B61C4BD29CA484300694F73 /* Build configuration list for PBXNativeTarget "Redwood" */ = {
			isa = XCConfigurationList;
			buildConfigurations = (
				6B61C4BE29CA484300694F73 /* Debug */,
				6B61C4BF29CA484300694F73 /* Release */,
			);
			defaultConfigurationIsVisible = 0;
			defaultConfigurationName = Release;
		};
/* End XCConfigurationList section */

/* Begin XCLocalSwiftPackageReference section */
		59CFC7152B327DF1006F5C46 /* XCLocalSwiftPackageReference "../../openai-kit" */ = {
			isa = XCLocalSwiftPackageReference;
			relativePath = "../../openai-kit";
		};
/* End XCLocalSwiftPackageReference section */

/* Begin XCRemoteSwiftPackageReference section */
		59361E6729E242FD007D3BC9 /* XCRemoteSwiftPackageReference "keychain-swift" */ = {
			isa = XCRemoteSwiftPackageReference;
			repositoryURL = "https://github.com/evgenyneu/keychain-swift.git";
			requirement = {
				kind = upToNextMajorVersion;
				minimumVersion = 20.0.0;
			};
		};
		59465C222A454CF600C6EF4A /* XCRemoteSwiftPackageReference "KeyboardShortcuts" */ = {
			isa = XCRemoteSwiftPackageReference;
			repositoryURL = "https://github.com/sindresorhus/KeyboardShortcuts";
			requirement = {
				kind = upToNextMajorVersion;
				minimumVersion = 1.0.0;
			};
		};
		594F51312A4572CD003018AD /* XCRemoteSwiftPackageReference "LaunchAtLogin-Modern" */ = {
			isa = XCRemoteSwiftPackageReference;
			repositoryURL = "https://github.com/sindresorhus/LaunchAtLogin-Modern";
			requirement = {
				branch = main;
				kind = branch;
			};
		};
		597A2BBA2A592B070011B7B6 /* XCRemoteSwiftPackageReference "Defaults" */ = {
			isa = XCRemoteSwiftPackageReference;
			repositoryURL = "https://github.com/sindresorhus/Defaults.git";
			requirement = {
				branch = main;
				kind = branch;
			};
		};
		59BD43EE2B2E9D9400AD6CB1 /* XCRemoteSwiftPackageReference "SettingsAccess" */ = {
			isa = XCRemoteSwiftPackageReference;
			repositoryURL = "https://github.com/orchetect/SettingsAccess.git";
			requirement = {
				kind = upToNextMajorVersion;
				minimumVersion = 1.4.0;
			};
		};
		59CFC7182B328197006F5C46 /* XCRemoteSwiftPackageReference "SwiftfulLoadingIndicators" */ = {
			isa = XCRemoteSwiftPackageReference;
			repositoryURL = "https://github.com/SwiftfulThinking/SwiftfulLoadingIndicators.git";
			requirement = {
				kind = upToNextMajorVersion;
				minimumVersion = 0.0.4;
			};
		};
		59D8C82B2A4D128A00AB5122 /* XCRemoteSwiftPackageReference "Splash" */ = {
			isa = XCRemoteSwiftPackageReference;
			repositoryURL = "https://github.com/JohnSundell/Splash.git";
			requirement = {
				kind = upToNextMajorVersion;
				minimumVersion = 0.16.0;
			};
		};
		59D9B5562B2F9A4F007EA072 /* XCRemoteSwiftPackageReference "SwiftSoup" */ = {
			isa = XCRemoteSwiftPackageReference;
			repositoryURL = "https://github.com/scinfu/SwiftSoup.git";
			requirement = {
				kind = upToNextMajorVersion;
				minimumVersion = 2.6.1;
			};
		};
		59EEA40E29EC7C2D00B75937 /* XCRemoteSwiftPackageReference "swift-markdown-ui" */ = {
			isa = XCRemoteSwiftPackageReference;
			repositoryURL = "https://github.com/gonzalezreal/swift-markdown-ui.git";
			requirement = {
				kind = upToNextMajorVersion;
				minimumVersion = 2.0.0;
			};
		};
		6B37D8DA2B30C38200BFF556 /* XCRemoteSwiftPackageReference "Settings" */ = {
			isa = XCRemoteSwiftPackageReference;
			repositoryURL = "https://github.com/sindresorhus/Settings.git";
			requirement = {
				kind = upToNextMajorVersion;
				minimumVersion = 3.1.0;
			};
		};
		6B6A5D512B3273B700AA5F94 /* XCRemoteSwiftPackageReference "SharedCode" */ = {
			isa = XCRemoteSwiftPackageReference;
			repositoryURL = "https://github.com/adityasaravana/SharedCode.git";
			requirement = {
				branch = main;
				kind = branch;
			};
		};
/* End XCRemoteSwiftPackageReference section */

/* Begin XCSwiftPackageProductDependency section */
		59361E6829E242FD007D3BC9 /* KeychainSwift */ = {
			isa = XCSwiftPackageProductDependency;
			package = 59361E6729E242FD007D3BC9 /* XCRemoteSwiftPackageReference "keychain-swift" */;
			productName = KeychainSwift;
		};
		59465C232A454CF600C6EF4A /* KeyboardShortcuts */ = {
			isa = XCSwiftPackageProductDependency;
			package = 59465C222A454CF600C6EF4A /* XCRemoteSwiftPackageReference "KeyboardShortcuts" */;
			productName = KeyboardShortcuts;
		};
		594F51322A4572CD003018AD /* LaunchAtLogin */ = {
			isa = XCSwiftPackageProductDependency;
			package = 594F51312A4572CD003018AD /* XCRemoteSwiftPackageReference "LaunchAtLogin-Modern" */;
			productName = LaunchAtLogin;
		};
		597A2BBB2A592B070011B7B6 /* Defaults */ = {
			isa = XCSwiftPackageProductDependency;
			package = 597A2BBA2A592B070011B7B6 /* XCRemoteSwiftPackageReference "Defaults" */;
			productName = Defaults;
		};
		59BD43EF2B2E9D9400AD6CB1 /* SettingsAccess */ = {
			isa = XCSwiftPackageProductDependency;
			package = 59BD43EE2B2E9D9400AD6CB1 /* XCRemoteSwiftPackageReference "SettingsAccess" */;
			productName = SettingsAccess;
		};
		59CFC7162B327DF1006F5C46 /* OpenAIKit */ = {
			isa = XCSwiftPackageProductDependency;
			productName = OpenAIKit;
		};
		59CFC7192B328197006F5C46 /* SwiftfulLoadingIndicators */ = {
			isa = XCSwiftPackageProductDependency;
			package = 59CFC7182B328197006F5C46 /* XCRemoteSwiftPackageReference "SwiftfulLoadingIndicators" */;
			productName = SwiftfulLoadingIndicators;
		};
		59D8C82C2A4D128A00AB5122 /* Splash */ = {
			isa = XCSwiftPackageProductDependency;
			package = 59D8C82B2A4D128A00AB5122 /* XCRemoteSwiftPackageReference "Splash" */;
			productName = Splash;
		};
		59D8C82E2A4D128A00AB5122 /* SplashMarkdown */ = {
			isa = XCSwiftPackageProductDependency;
			package = 59D8C82B2A4D128A00AB5122 /* XCRemoteSwiftPackageReference "Splash" */;
			productName = SplashMarkdown;
		};
		59D8C8302A4D128A00AB5122 /* SplashTokenizer */ = {
			isa = XCSwiftPackageProductDependency;
			package = 59D8C82B2A4D128A00AB5122 /* XCRemoteSwiftPackageReference "Splash" */;
			productName = SplashTokenizer;
		};
		59D9B5572B2F9A4F007EA072 /* SwiftSoup */ = {
			isa = XCSwiftPackageProductDependency;
			package = 59D9B5562B2F9A4F007EA072 /* XCRemoteSwiftPackageReference "SwiftSoup" */;
			productName = SwiftSoup;
		};
		59EEA40F29EC7C2D00B75937 /* MarkdownUI */ = {
			isa = XCSwiftPackageProductDependency;
			package = 59EEA40E29EC7C2D00B75937 /* XCRemoteSwiftPackageReference "swift-markdown-ui" */;
			productName = MarkdownUI;
		};
		6B37D8DB2B30C38200BFF556 /* Settings */ = {
			isa = XCSwiftPackageProductDependency;
			package = 6B37D8DA2B30C38200BFF556 /* XCRemoteSwiftPackageReference "Settings" */;
			productName = Settings;
		};
		6B6A5D522B3273B700AA5F94 /* SharedCode */ = {
			isa = XCSwiftPackageProductDependency;
			package = 6B6A5D512B3273B700AA5F94 /* XCRemoteSwiftPackageReference "SharedCode" */;
			productName = SharedCode;
		};
/* End XCSwiftPackageProductDependency section */
	};
	rootObject = 6B61C4A629CA484100694F73 /* Project object */;
}
